
Microsoft Visual Studio Solution File, Format Version 12.00
# Visual Studio Version 16
VisualStudioVersion = 16.0.32228.343
MinimumVisualStudioVersion = 10.0.40219.1
Project("{F184B08F-C81C-45F6-A57F-5ABD9991F28F}") = "Project siakad", "Project siakad\Project siakad.vbproj", "{6F71C7B5-DA04-4E5F-A42D-0907AA57FB2E}"
EndProject
Global
	GlobalSection(SolutionConfigurationPlatforms) = preSolution
		Debug|Any CPU = Debug|Any CPU
		Release|Any CPU = Release|Any CPU
	EndGlobalSection
	GlobalSection(ProjectConfigurationPlatforms) = postSolution
		{6F71C7B5-DA04-4E5F-A42D-0907AA57FB2E}.Debug|Any CPU.ActiveCfg = Debug|Any CPU
		{6F71C7B5-DA04-4E5F-A42D-0907AA57FB2E}.Debug|Any CPU.Build.0 = Debug|Any CPU
		{6F71C7B5-DA04-4E5F-A42D-0907AA57FB2E}.Release|Any CPU.ActiveCfg = Release|Any CPU
		{6F71C7B5-DA04-4E5F-A42D-0907AA57FB2E}.Release|Any CPU.Build.0 = Release|Any CPU
	EndGlobalSection
	GlobalSection(SolutionProperties) = preSolution
		HideSolutionNode = FALSE
	EndGlobalSection
	GlobalSection(ExtensibilityGlobals) = postSolution
		SolutionGuid = {040DB138-25E2-4C74-BCB5-4CC6916568C9}
	EndGlobalSection
EndGlobal
